
Microsoft Visual Studio Solution File, Format Version 12.00
# Visual Studio Version 17
VisualStudioVersion = 17.13.35919.96 d17.13
MinimumVisualStudioVersion = 10.0.40219.1
Project("{FAE04EC0-301F-11D3-BF4B-00C04F79EFBC}") = "RouteMinds.Domain", "RouteMinds.Domain\RouteMinds.Domain.csproj", "{AE1F1866-6FA4-4D53-A57B-F02E477D6739}"
EndProject
Project("{FAE04EC0-301F-11D3-BF4B-00C04F79EFBC}") = "RouteMinds.Infrastructure", "RouteMinds.Infrastructure\RouteMinds.Infrastructure.csproj", "{B3B17068-69F1-44B6-BA17-302A898039B6}"
EndProject
Project("{FAE04EC0-301F-11D3-BF4B-00C04F79EFBC}") = "RouteMinds.API", "RouteMinds.API\RouteMinds.API.csproj", "{416D0094-24FA-482D-95E9-2AF9BEEBDC2A}"
EndProject
Global
	GlobalSection(SolutionConfigurationPlatforms) = preSolution
		Debug|Any CPU = Debug|Any CPU
		Release|Any CPU = Release|Any CPU
	EndGlobalSection
	GlobalSection(ProjectConfigurationPlatforms) = postSolution
		{AE1F1866-6FA4-4D53-A57B-F02E477D6739}.Debug|Any CPU.ActiveCfg = Debug|Any CPU
		{AE1F1866-6FA4-4D53-A57B-F02E477D6739}.Debug|Any CPU.Build.0 = Debug|Any CPU
		{AE1F1866-6FA4-4D53-A57B-F02E477D6739}.Release|Any CPU.ActiveCfg = Release|Any CPU
		{AE1F1866-6FA4-4D53-A57B-F02E477D6739}.Release|Any CPU.Build.0 = Release|Any CPU
		{B3B17068-69F1-44B6-BA17-302A898039B6}.Debug|Any CPU.ActiveCfg = Debug|Any CPU
		{B3B17068-69F1-44B6-BA17-302A898039B6}.Debug|Any CPU.Build.0 = Debug|Any CPU
		{B3B17068-69F1-44B6-BA17-302A898039B6}.Release|Any CPU.ActiveCfg = Release|Any CPU
		{B3B17068-69F1-44B6-BA17-302A898039B6}.Release|Any CPU.Build.0 = Release|Any CPU
		{416D0094-24FA-482D-95E9-2AF9BEEBDC2A}.Debug|Any CPU.ActiveCfg = Debug|Any CPU
		{416D0094-24FA-482D-95E9-2AF9BEEBDC2A}.Debug|Any CPU.Build.0 = Debug|Any CPU
		{416D0094-24FA-482D-95E9-2AF9BEEBDC2A}.Release|Any CPU.ActiveCfg = Release|Any CPU
		{416D0094-24FA-482D-95E9-2AF9BEEBDC2A}.Release|Any CPU.Build.0 = Release|Any CPU
	EndGlobalSection
	GlobalSection(SolutionProperties) = preSolution
		HideSolutionNode = FALSE
	EndGlobalSection
	GlobalSection(ExtensibilityGlobals) = postSolution
		SolutionGuid = {1EF4B0E7-7C8F-44C8-83C1-16FE477BD681}
	EndGlobalSection
EndGlobal
